
Microsoft Visual Studio Solution File, Format Version 12.00
# Visual Studio 2012
Project("{FAE04EC0-301F-11D3-BF4B-00C04F79EFBC}") = "Demo", "Demo\Demo.csproj", "{063EC634-AF40-40F2-8267-0B3C7ED4228F}"
EndProject
Project("{FAE04EC0-301F-11D3-BF4B-00C04F79EFBC}") = "Models", "Models\Models.csproj", "{C8AB7C4D-AC23-4445-9EDB-DCD713F37458}"
EndProject
Project("{FAE04EC0-301F-11D3-BF4B-00C04F79EFBC}") = "DBHelper", "DBHelper\DBHelper.csproj", "{77D2D0AD-F27F-4F07-BC2D-B30F2CA6E516}"
EndProject
Project("{FAE04EC0-301F-11D3-BF4B-00C04F79EFBC}") = "DAL", "DAL\DAL.csproj", "{31C897F4-6C63-4087-8E08-1AB29CA400CF}"
EndProject
Project("{FAE04EC0-301F-11D3-BF4B-00C04F79EFBC}") = "Common", "Common\Common.csproj", "{97915BB3-11CC-4539-9A66-C2EB8C69E144}"
EndProject
Global
	GlobalSection(SolutionConfigurationPlatforms) = preSolution
		Debug|Any CPU = Debug|Any CPU
		Release|Any CPU = Release|Any CPU
	EndGlobalSection
	GlobalSection(ProjectConfigurationPlatforms) = postSolution
		{063EC634-AF40-40F2-8267-0B3C7ED4228F}.Debug|Any CPU.ActiveCfg = Debug|Any CPU
		{063EC634-AF40-40F2-8267-0B3C7ED4228F}.Debug|Any CPU.Build.0 = Debug|Any CPU
		{063EC634-AF40-40F2-8267-0B3C7ED4228F}.Release|Any CPU.ActiveCfg = Release|Any CPU
		{063EC634-AF40-40F2-8267-0B3C7ED4228F}.Release|Any CPU.Build.0 = Release|Any CPU
		{C8AB7C4D-AC23-4445-9EDB-DCD713F37458}.Debug|Any CPU.ActiveCfg = Debug|Any CPU
		{C8AB7C4D-AC23-4445-9EDB-DCD713F37458}.Debug|Any CPU.Build.0 = Debug|Any CPU
		{C8AB7C4D-AC23-4445-9EDB-DCD713F37458}.Release|Any CPU.ActiveCfg = Release|Any CPU
		{C8AB7C4D-AC23-4445-9EDB-DCD713F37458}.Release|Any CPU.Build.0 = Release|Any CPU
		{77D2D0AD-F27F-4F07-BC2D-B30F2CA6E516}.Debug|Any CPU.ActiveCfg = Debug|Any CPU
		{77D2D0AD-F27F-4F07-BC2D-B30F2CA6E516}.Debug|Any CPU.Build.0 = Debug|Any CPU
		{77D2D0AD-F27F-4F07-BC2D-B30F2CA6E516}.Release|Any CPU.ActiveCfg = Release|Any CPU
		{77D2D0AD-F27F-4F07-BC2D-B30F2CA6E516}.Release|Any CPU.Build.0 = Release|Any CPU
		{31C897F4-6C63-4087-8E08-1AB29CA400CF}.Debug|Any CPU.ActiveCfg = Debug|Any CPU
		{31C897F4-6C63-4087-8E08-1AB29CA400CF}.Debug|Any CPU.Build.0 = Debug|Any CPU
		{31C897F4-6C63-4087-8E08-1AB29CA400CF}.Release|Any CPU.ActiveCfg = Release|Any CPU
		{31C897F4-6C63-4087-8E08-1AB29CA400CF}.Release|Any CPU.Build.0 = Release|Any CPU
		{97915BB3-11CC-4539-9A66-C2EB8C69E144}.Debug|Any CPU.ActiveCfg = Debug|Any CPU
		{97915BB3-11CC-4539-9A66-C2EB8C69E144}.Debug|Any CPU.Build.0 = Debug|Any CPU
		{97915BB3-11CC-4539-9A66-C2EB8C69E144}.Release|Any CPU.ActiveCfg = Release|Any CPU
		{97915BB3-11CC-4539-9A66-C2EB8C69E144}.Release|Any CPU.Build.0 = Release|Any CPU
	EndGlobalSection
	GlobalSection(SolutionProperties) = preSolution
		HideSolutionNode = FALSE
	EndGlobalSection
EndGlobal
